
Microsoft Visual Studio Solution File, Format Version 12.00
# Visual Studio 14
VisualStudioVersion = 14.0.25420.1
MinimumVisualStudioVersion = 10.0.40219.1
Project("{2150E333-8FDC-42A3-9474-1A3956D46DE8}") = "Data", "Data", "{AFE73348-8B00-4B0A-8F75-83DA443727A7}"
EndProject
Project("{2150E333-8FDC-42A3-9474-1A3956D46DE8}") = "Services", "Services", "{C63B4C9C-2D46-42FB-80C7-8CA6E32A02FA}"
EndProject
Project("{2150E333-8FDC-42A3-9474-1A3956D46DE8}") = "Tests", "Tests", "{737FA127-3FF1-4C09-8966-0FF0675C1141}"
EndProject
Project("{2150E333-8FDC-42A3-9474-1A3956D46DE8}") = "Web", "Web", "{516EC1A8-FB4F-455C-AEE7-DB2710BE2DA4}"
EndProject
Project("{FAE04EC0-301F-11D3-BF4B-00C04F79EFBC}") = "NewsLetter.MVC", "Web\NewsLetter.MVC\NewsLetter.MVC.csproj", "{F202FA23-CAFE-4410-A073-97B8699E3E16}"
EndProject
Project("{FAE04EC0-301F-11D3-BF4B-00C04F79EFBC}") = "NewsLetter.Models", "Data\NewsLetter.Models\NewsLetter.Models.csproj", "{B9EE2CD1-3C00-4440-A2C8-289FAC491988}"
EndProject
Project("{FAE04EC0-301F-11D3-BF4B-00C04F79EFBC}") = "NewsLetter.Data", "Data\NewsLetter.Data\NewsLetter.Data.csproj", "{09AE3365-E0C9-4D4F-8710-8D6AE1EFFB55}"
EndProject
Project("{FAE04EC0-301F-11D3-BF4B-00C04F79EFBC}") = "NewsLetter.Auth.Identity", "Services\NewsLetter.Auth.Identity\NewsLetter.Auth.Identity.csproj", "{09255048-0D64-459A-981E-1D0AC0801540}"
EndProject
Project("{FAE04EC0-301F-11D3-BF4B-00C04F79EFBC}") = "NewsLetter.Services.Data", "Services\NewsLetter.Services.Data\NewsLetter.Services.Data.csproj", "{83F9F86D-2052-4DBB-9EEB-51CC941D69E2}"
EndProject
Project("{FAE04EC0-301F-11D3-BF4B-00C04F79EFBC}") = "NewsLetter.Services.Providers", "Services\NewsLetter.Services.Providers\NewsLetter.Services.Providers.csproj", "{A6437B92-51C6-4AE9-8CEC-FD136987815E}"
EndProject
Project("{FAE04EC0-301F-11D3-BF4B-00C04F79EFBC}") = "NewsLetter.ViewModels", "NewsLetter.ViewModels\NewsLetter.ViewModels.csproj", "{ABFADDED-D7D5-472C-BFBD-120793D2D02A}"
EndProject
Project("{FAE04EC0-301F-11D3-BF4B-00C04F79EFBC}") = "NewsLetter.Services.Data.Tests", "Tests\NewsLetter.Services.Data.Tests\NewsLetter.Services.Data.Tests.csproj", "{05411C06-4862-417C-B40F-A8500261293A}"
EndProject
Project("{FAE04EC0-301F-11D3-BF4B-00C04F79EFBC}") = "NewsLetter.CoverAlls", "NewsLetter.CoverAlls\NewsLetter.CoverAlls.csproj", "{C07BC2B6-7B99-4BEB-8C87-0ED03981FE5A}"
EndProject
Project("{FAE04EC0-301F-11D3-BF4B-00C04F79EFBC}") = "NewsLetter.MVC.Controllers.Tests", "Tests\NewsLetter.MVC.Controllers.Tests\NewsLetter.MVC.Controllers.Tests.csproj", "{005C4106-31A3-448F-B7BB-48F7B3DA4044}"
EndProject
Global
	GlobalSection(SolutionConfigurationPlatforms) = preSolution
		Debug|Any CPU = Debug|Any CPU
		Release|Any CPU = Release|Any CPU
	EndGlobalSection
	GlobalSection(ProjectConfigurationPlatforms) = postSolution
		{F202FA23-CAFE-4410-A073-97B8699E3E16}.Debug|Any CPU.ActiveCfg = Debug|Any CPU
		{F202FA23-CAFE-4410-A073-97B8699E3E16}.Debug|Any CPU.Build.0 = Debug|Any CPU
		{F202FA23-CAFE-4410-A073-97B8699E3E16}.Release|Any CPU.ActiveCfg = Release|Any CPU
		{F202FA23-CAFE-4410-A073-97B8699E3E16}.Release|Any CPU.Build.0 = Release|Any CPU
		{B9EE2CD1-3C00-4440-A2C8-289FAC491988}.Debug|Any CPU.ActiveCfg = Debug|Any CPU
		{B9EE2CD1-3C00-4440-A2C8-289FAC491988}.Debug|Any CPU.Build.0 = Debug|Any CPU
		{B9EE2CD1-3C00-4440-A2C8-289FAC491988}.Release|Any CPU.ActiveCfg = Release|Any CPU
		{B9EE2CD1-3C00-4440-A2C8-289FAC491988}.Release|Any CPU.Build.0 = Release|Any CPU
		{09AE3365-E0C9-4D4F-8710-8D6AE1EFFB55}.Debug|Any CPU.ActiveCfg = Debug|Any CPU
		{09AE3365-E0C9-4D4F-8710-8D6AE1EFFB55}.Debug|Any CPU.Build.0 = Debug|Any CPU
		{09AE3365-E0C9-4D4F-8710-8D6AE1EFFB55}.Release|Any CPU.ActiveCfg = Release|Any CPU
		{09AE3365-E0C9-4D4F-8710-8D6AE1EFFB55}.Release|Any CPU.Build.0 = Release|Any CPU
		{09255048-0D64-459A-981E-1D0AC0801540}.Debug|Any CPU.ActiveCfg = Debug|Any CPU
		{09255048-0D64-459A-981E-1D0AC0801540}.Debug|Any CPU.Build.0 = Debug|Any CPU
		{09255048-0D64-459A-981E-1D0AC0801540}.Release|Any CPU.ActiveCfg = Release|Any CPU
		{09255048-0D64-459A-981E-1D0AC0801540}.Release|Any CPU.Build.0 = Release|Any CPU
		{83F9F86D-2052-4DBB-9EEB-51CC941D69E2}.Debug|Any CPU.ActiveCfg = Debug|Any CPU
		{83F9F86D-2052-4DBB-9EEB-51CC941D69E2}.Debug|Any CPU.Build.0 = Debug|Any CPU
		{83F9F86D-2052-4DBB-9EEB-51CC941D69E2}.Release|Any CPU.ActiveCfg = Release|Any CPU
		{83F9F86D-2052-4DBB-9EEB-51CC941D69E2}.Release|Any CPU.Build.0 = Release|Any CPU
		{A6437B92-51C6-4AE9-8CEC-FD136987815E}.Debug|Any CPU.ActiveCfg = Debug|Any CPU
		{A6437B92-51C6-4AE9-8CEC-FD136987815E}.Debug|Any CPU.Build.0 = Debug|Any CPU
		{A6437B92-51C6-4AE9-8CEC-FD136987815E}.Release|Any CPU.ActiveCfg = Release|Any CPU
		{A6437B92-51C6-4AE9-8CEC-FD136987815E}.Release|Any CPU.Build.0 = Release|Any CPU
		{ABFADDED-D7D5-472C-BFBD-120793D2D02A}.Debug|Any CPU.ActiveCfg = Debug|Any CPU
		{ABFADDED-D7D5-472C-BFBD-120793D2D02A}.Debug|Any CPU.Build.0 = Debug|Any CPU
		{ABFADDED-D7D5-472C-BFBD-120793D2D02A}.Release|Any CPU.ActiveCfg = Release|Any CPU
		{ABFADDED-D7D5-472C-BFBD-120793D2D02A}.Release|Any CPU.Build.0 = Release|Any CPU
		{05411C06-4862-417C-B40F-A8500261293A}.Debug|Any CPU.ActiveCfg = Debug|Any CPU
		{05411C06-4862-417C-B40F-A8500261293A}.Debug|Any CPU.Build.0 = Debug|Any CPU
		{05411C06-4862-417C-B40F-A8500261293A}.Release|Any CPU.ActiveCfg = Release|Any CPU
		{05411C06-4862-417C-B40F-A8500261293A}.Release|Any CPU.Build.0 = Release|Any CPU
		{C07BC2B6-7B99-4BEB-8C87-0ED03981FE5A}.Debug|Any CPU.ActiveCfg = Debug|Any CPU
		{C07BC2B6-7B99-4BEB-8C87-0ED03981FE5A}.Debug|Any CPU.Build.0 = Debug|Any CPU
		{C07BC2B6-7B99-4BEB-8C87-0ED03981FE5A}.Release|Any CPU.ActiveCfg = Release|Any CPU
		{C07BC2B6-7B99-4BEB-8C87-0ED03981FE5A}.Release|Any CPU.Build.0 = Release|Any CPU
		{005C4106-31A3-448F-B7BB-48F7B3DA4044}.Debug|Any CPU.ActiveCfg = Debug|Any CPU
		{005C4106-31A3-448F-B7BB-48F7B3DA4044}.Debug|Any CPU.Build.0 = Debug|Any CPU
		{005C4106-31A3-448F-B7BB-48F7B3DA4044}.Release|Any CPU.ActiveCfg = Release|Any CPU
		{005C4106-31A3-448F-B7BB-48F7B3DA4044}.Release|Any CPU.Build.0 = Release|Any CPU
	EndGlobalSection
	GlobalSection(SolutionProperties) = preSolution
		HideSolutionNode = FALSE
	EndGlobalSection
	GlobalSection(NestedProjects) = preSolution
		{F202FA23-CAFE-4410-A073-97B8699E3E16} = {516EC1A8-FB4F-455C-AEE7-DB2710BE2DA4}
		{B9EE2CD1-3C00-4440-A2C8-289FAC491988} = {AFE73348-8B00-4B0A-8F75-83DA443727A7}
		{09AE3365-E0C9-4D4F-8710-8D6AE1EFFB55} = {AFE73348-8B00-4B0A-8F75-83DA443727A7}
		{09255048-0D64-459A-981E-1D0AC0801540} = {C63B4C9C-2D46-42FB-80C7-8CA6E32A02FA}
		{83F9F86D-2052-4DBB-9EEB-51CC941D69E2} = {C63B4C9C-2D46-42FB-80C7-8CA6E32A02FA}
		{A6437B92-51C6-4AE9-8CEC-FD136987815E} = {C63B4C9C-2D46-42FB-80C7-8CA6E32A02FA}
		{ABFADDED-D7D5-472C-BFBD-120793D2D02A} = {516EC1A8-FB4F-455C-AEE7-DB2710BE2DA4}
		{05411C06-4862-417C-B40F-A8500261293A} = {737FA127-3FF1-4C09-8966-0FF0675C1141}
		{C07BC2B6-7B99-4BEB-8C87-0ED03981FE5A} = {C63B4C9C-2D46-42FB-80C7-8CA6E32A02FA}
		{005C4106-31A3-448F-B7BB-48F7B3DA4044} = {737FA127-3FF1-4C09-8966-0FF0675C1141}
	EndGlobalSection
EndGlobal
